
Microsoft Visual Studio Solution File, Format Version 12.00
# Visual Studio 15
VisualStudioVersion = 15.0.27428.2043
MinimumVisualStudioVersion = 10.0.40219.1
Project("{9A19103F-16F7-4668-BE54-9A1E7A4F7556}") = "MainAPI", "MainAPI\MainAPI.csproj", "{6448B8A1-6D9C-4817-8FCE-5AB1FB3394AB}"
EndProject
Global
	GlobalSection(SolutionConfigurationPlatforms) = preSolution
		Debug|x64 = Debug|x64
		Release|x64 = Release|x64
	EndGlobalSection
	GlobalSection(ProjectConfigurationPlatforms) = postSolution
		{6448B8A1-6D9C-4817-8FCE-5AB1FB3394AB}.Debug|x64.ActiveCfg = Debug|Any CPU
		{6448B8A1-6D9C-4817-8FCE-5AB1FB3394AB}.Debug|x64.Build.0 = Debug|Any CPU
		{6448B8A1-6D9C-4817-8FCE-5AB1FB3394AB}.Release|x64.ActiveCfg = Release|x64
		{6448B8A1-6D9C-4817-8FCE-5AB1FB3394AB}.Release|x64.Build.0 = Release|x64
	EndGlobalSection
	GlobalSection(SolutionProperties) = preSolution
		HideSolutionNode = FALSE
	EndGlobalSection
	GlobalSection(ExtensibilityGlobals) = postSolution
		SolutionGuid = {A529A174-D088-4733-AA92-C66E0090EC63}
	EndGlobalSection
EndGlobal
